
Microsoft Visual Studio Solution File, Format Version 12.00
# Visual Studio Version 16
VisualStudioVersion = 16.0.31129.286
MinimumVisualStudioVersion = 10.0.40219.1
Project("{8BC9CEB8-8B4A-11D0-8D11-00A0C91BC942}") = "BitWise", "BitWise\BitWise.vcxproj", "{D42EF0F0-4005-4435-94A7-7BF141725C85}"
EndProject
Global
	GlobalSection(SolutionConfigurationPlatforms) = preSolution
		Debug|x64 = Debug|x64
		Debug|x86 = Debug|x86
		Release|x64 = Release|x64
		Release|x86 = Release|x86
	EndGlobalSection
	GlobalSection(ProjectConfigurationPlatforms) = postSolution
		{D42EF0F0-4005-4435-94A7-7BF141725C85}.Debug|x64.ActiveCfg = Debug|x64
		{D42EF0F0-4005-4435-94A7-7BF141725C85}.Debug|x64.Build.0 = Debug|x64
		{D42EF0F0-4005-4435-94A7-7BF141725C85}.Debug|x86.ActiveCfg = Debug|Win32
		{D42EF0F0-4005-4435-94A7-7BF141725C85}.Debug|x86.Build.0 = Debug|Win32
		{D42EF0F0-4005-4435-94A7-7BF141725C85}.Release|x64.ActiveCfg = Release|x64
		{D42EF0F0-4005-4435-94A7-7BF141725C85}.Release|x64.Build.0 = Release|x64
		{D42EF0F0-4005-4435-94A7-7BF141725C85}.Release|x86.ActiveCfg = Release|Win32
		{D42EF0F0-4005-4435-94A7-7BF141725C85}.Release|x86.Build.0 = Release|Win32
	EndGlobalSection
	GlobalSection(SolutionProperties) = preSolution
		HideSolutionNode = FALSE
	EndGlobalSection
	GlobalSection(ExtensibilityGlobals) = postSolution
		SolutionGuid = {B477A4EB-4E00-4A86-8402-410DEB5F4B80}
	EndGlobalSection
EndGlobal
